// !$*UTF8*$!
{
	archiveVersion = 1;
	classes = {
	};
	objectVersion = 46;
	objects = {

/* Begin PBXBuildFile section */
		8C5A664F1EE533B300762FD8 /* AppDelegate.swift in Sources */ = {isa = PBXBuildFile; fileRef = 8C5A664E1EE533B300762FD8 /* AppDelegate.swift */; };
		8C5A66511EE533B300762FD8 /* ViewController.swift in Sources */ = {isa = PBXBuildFile; fileRef = 8C5A66501EE533B300762FD8 /* ViewController.swift */; };
		8C5A66541EE533B300762FD8 /* Main.storyboard in Resources */ = {isa = PBXBuildFile; fileRef = 8C5A66521EE533B300762FD8 /* Main.storyboard */; };
		8C5A66571EE533B300762FD8 /* GameCollector.xcdatamodeld in Sources */ = {isa = PBXBuildFile; fileRef = 8C5A66551EE533B300762FD8 /* GameCollector.xcdatamodeld */; };
		8C5A66591EE533B300762FD8 /* Assets.xcassets in Resources */ = {isa = PBXBuildFile; fileRef = 8C5A66581EE533B300762FD8 /* Assets.xcassets */; };
		8C5A665C1EE533B300762FD8 /* LaunchScreen.storyboard in Resources */ = {isa = PBXBuildFile; fileRef = 8C5A665A1EE533B300762FD8 /* LaunchScreen.storyboard */; };
		8C5A66641EE551F400762FD8 /* IMG_2918.jpg in Resources */ = {isa = PBXBuildFile; fileRef = 8C5A66631EE551F400762FD8 /* IMG_2918.jpg */; };
		8C5A66661EE552FF00762FD8 /* addGameViewController.swift in Sources */ = {isa = PBXBuildFile; fileRef = 8C5A66651EE552FF00762FD8 /* addGameViewController.swift */; };
/* End PBXBuildFile section */

/* Begin PBXFileReference section */
		8C5A664B1EE533B300762FD8 /* GameCollector.app */ = {isa = PBXFileReference; explicitFileType = wrapper.application; includeInIndex = 0; path = GameCollector.app; sourceTree = BUILT_PRODUCTS_DIR; };
		8C5A664E1EE533B300762FD8 /* AppDelegate.swift */ = {isa = PBXFileReference; lastKnownFileType = sourcecode.swift; path = AppDelegate.swift; sourceTree = "<group>"; };
		8C5A66501EE533B300762FD8 /* ViewController.swift */ = {isa = PBXFileReference; lastKnownFileType = sourcecode.swift; path = ViewController.swift; sourceTree = "<group>"; };
		8C5A66531EE533B300762FD8 /* Base */ = {isa = PBXFileReference; lastKnownFileType = file.storyboard; name = Base; path = Base.lproj/Main.storyboard; sourceTree = "<group>"; };
		8C5A66561EE533B300762FD8 /* GameCollector.xcdatamodel */ = {isa = PBXFileReference; lastKnownFileType = wrapper.xcdatamodel; path = GameCollector.xcdatamodel; sourceTree = "<group>"; };
		8C5A66581EE533B300762FD8 /* Assets.xcassets */ = {isa = PBXFileReference; lastKnownFileType = folder.assetcatalog; path = Assets.xcassets; sourceTree = "<group>"; };
		8C5A665B1EE533B300762FD8 /* Base */ = {isa = PBXFileReference; lastKnownFileType = file.storyboard; name = Base; path = Base.lproj/LaunchScreen.storyboard; sourceTree = "<group>"; };
		8C5A665D1EE533B300762FD8 /* Info.plist */ = {isa = PBXFileReference; lastKnownFileType = text.plist.xml; path = Info.plist; sourceTree = "<group>"; };
		8C5A66631EE551F400762FD8 /* IMG_2918.jpg */ = {isa = PBXFileReference; lastKnownFileType = image.jpeg; path = IMG_2918.jpg; sourceTree = "<group>"; };
		8C5A66651EE552FF00762FD8 /* addGameViewController.swift */ = {isa = PBXFileReference; fileEncoding = 4; lastKnownFileType = sourcecode.swift; path = addGameViewController.swift; sourceTree = "<group>"; };
/* End PBXFileReference section */

/* Begin PBXFrameworksBuildPhase section */
		8C5A66481EE533B300762FD8 /* Frameworks */ = {
			isa = PBXFrameworksBuildPhase;
			buildActionMask = 2147483647;
			files = (
			);
			runOnlyForDeploymentPostprocessing = 0;
		};
/* End PBXFrameworksBuildPhase section */

/* Begin PBXGroup section */
		8C5A66421EE533B300762FD8 = {
			isa = PBXGroup;
			children = (
				8C5A664D1EE533B300762FD8 /* GameCollector */,
				8C5A664C1EE533B300762FD8 /* Products */,
			);
			sourceTree = "<group>";
		};
		8C5A664C1EE533B300762FD8 /* Products */ = {
			isa = PBXGroup;
			children = (
				8C5A664B1EE533B300762FD8 /* GameCollector.app */,
			);
			name = Products;
			sourceTree = "<group>";
		};
		8C5A664D1EE533B300762FD8 /* GameCollector */ = {
			isa = PBXGroup;
			children = (
				8C5A664E1EE533B300762FD8 /* AppDelegate.swift */,
				8C5A66501EE533B300762FD8 /* ViewController.swift */,
				8C5A66521EE533B300762FD8 /* Main.storyboard */,
				8C5A66651EE552FF00762FD8 /* addGameViewController.swift */,
				8C5A66631EE551F400762FD8 /* IMG_2918.jpg */,
				8C5A66581EE533B300762FD8 /* Assets.xcassets */,
				8C5A665A1EE533B300762FD8 /* LaunchScreen.storyboard */,
				8C5A665D1EE533B300762FD8 /* Info.plist */,
				8C5A66551EE533B300762FD8 /* GameCollector.xcdatamodeld */,
			);
			path = GameCollector;
			sourceTree = "<group>";
		};
/* End PBXGroup section */

/* Begin PBXNativeTarget section */
		8C5A664A1EE533B300762FD8 /* GameCollector */ = {
			isa = PBXNativeTarget;
			buildConfigurationList = 8C5A66601EE533B300762FD8 /* Build configuration list for PBXNativeTarget "GameCollector" */;
			buildPhases = (
				8C5A66471EE533B300762FD8 /* Sources */,
				8C5A66481EE533B300762FD8 /* Frameworks */,
				8C5A66491EE533B300762FD8 /* Resources */,
			);
			buildRules = (
			);
			dependencies = (
			);
			name = GameCollector;
			productName = GameCollector;
			productReference = 8C5A664B1EE533B300762FD8 /* GameCollector.app */;
			productType = "com.apple.product-type.application";
		};
/* End PBXNativeTarget section */

/* Begin PBXProject section */
		8C5A66431EE533B300762FD8 /* Project object */ = {
			isa = PBXProject;
			attributes = {
				LastSwiftUpdateCheck = 0830;
				LastUpgradeCheck = 0830;
				ORGANIZATIONNAME = "Jesse Bryce";
				TargetAttributes = {
					8C5A664A1EE533B300762FD8 = {
						CreatedOnToolsVersion = 8.3.2;
						ProvisioningStyle = Automatic;
					};
				};
			};
			buildConfigurationList = 8C5A66461EE533B300762FD8 /* Build configuration list for PBXProject "GameCollector" */;
			compatibilityVersion = "Xcode 3.2";
			developmentRegion = English;
			hasScannedForEncodings = 0;
			knownRegions = (
				en,
				Base,
			);
			mainGroup = 8C5A66421EE533B300762FD8;
			productRefGroup = 8C5A664C1EE533B300762FD8 /* Products */;
			projectDirPath = "";
			projectRoot = "";
			targets = (
				8C5A664A1EE533B300762FD8 /* GameCollector */,
			);
		};
/* End PBXProject section */

/* Begin PBXResourcesBuildPhase section */
		8C5A66491EE533B300762FD8 /* Resources */ = {
			isa = PBXResourcesBuildPhase;
			buildActionMask = 2147483647;
			files = (
				8C5A665C1EE533B300762FD8 /* LaunchScreen.storyboard in Resources */,
				8C5A66591EE533B300762FD8 /* Assets.xcassets in Resources */,
				8C5A66541EE533B300762FD8 /* Main.storyboard in Resources */,
				8C5A66641EE551F400762FD8 /* IMG_2918.jpg in Resources */,
			);
			runOnlyForDeploymentPostprocessing = 0;
		};
/* End PBXResourcesBuildPhase section */

/* Begin PBXSourcesBuildPhase section */
		8C5A66471EE533B300762FD8 /* Sources */ = {
			isa = PBXSourcesBuildPhase;
			buildActionMask = 2147483647;
			files = (
				8C5A66661EE552FF00762FD8 /* addGameViewController.swift in Sources */,
				8C5A66571EE533B300762FD8 /* GameCollector.xcdatamodeld in Sources */,
				8C5A66511EE533B300762FD8 /* ViewController.swift in Sources */,
				8C5A664F1EE533B300762FD8 /* AppDelegate.swift in Sources */,
			);
			runOnlyForDeploymentPostprocessing = 0;
		};
/* End PBXSourcesBuildPhase section */

/* Begin PBXVariantGroup section */
		8C5A66521EE533B300762FD8 /* Main.storyboard */ = {
			isa = PBXVariantGroup;
			children = (
				8C5A66531EE533B300762FD8 /* Base */,
			);
			name = Main.storyboard;
			sourceTree = "<group>";
		};
		8C5A665A1EE533B300762FD8 /* LaunchScreen.storyboard */ = {
			isa = PBXVariantGroup;
			children = (
				8C5A665B1EE533B300762FD8 /* Base */,
			);
			name = LaunchScreen.storyboard;
			sourceTree = "<group>";
		};
/* End PBXVariantGroup section */

/* Begin XCBuildConfiguration section */
		8C5A665E1EE533B300762FD8 /* Debug */ = {
			isa = XCBuildConfiguration;
			buildSettings = {
				ALWAYS_SEARCH_USER_PATHS = NO;
				CLANG_ANALYZER_NONNULL = YES;
				CLANG_ANALYZER_NUMBER_OBJECT_CONVERSION = YES_AGGRESSIVE;
				CLANG_CXX_LANGUAGE_STANDARD = "gnu++0x";
				CLANG_CXX_LIBRARY = "libc++";
				CLANG_ENABLE_MODULES = YES;
				CLANG_ENABLE_OBJC_ARC = YES;
				CLANG_WARN_BOOL_CONVERSION = YES;
				CLANG_WARN_CONSTANT_CONVERSION = YES;
				CLANG_WARN_DIRECT_OBJC_ISA_USAGE = YES_ERROR;
				CLANG_WARN_DOCUMENTATION_COMMENTS = YES;
				CLANG_WARN_EMPTY_BODY = YES;
				CLANG_WARN_ENUM_CONVERSION = YES;
				CLANG_WARN_INFINITE_RECURSION = YES;
				CLANG_WARN_INT_CONVERSION = YES;
				CLANG_WARN_OBJC_ROOT_CLASS = YES_ERROR;
				CLANG_WARN_SUSPICIOUS_MOVE = YES;
				CLANG_WARN_UNREACHABLE_CODE = YES;
				CLANG_WARN__DUPLICATE_METHOD_MATCH = YES;
				"CODE_SIGN_IDENTITY[sdk=iphoneos*]" = "iPhone Developer";
				COPY_PHASE_STRIP = NO;
				DEBUG_INFORMATION_FORMAT = dwarf;
				ENABLE_STRICT_OBJC_MSGSEND = YES;
				ENABLE_TESTABILITY = YES;
				GCC_C_LANGUAGE_STANDARD = gnu99;
				GCC_DYNAMIC_NO_PIC = NO;
				GCC_NO_COMMON_BLOCKS = YES;
				GCC_OPTIMIZATION_LEVEL = 0;
				GCC_PREPROCESSOR_DEFINITIONS = (
					"DEBUG=1",
					"$(inherited)",
				);
				GCC_WARN_64_TO_32_BIT_CONVERSION = YES;
				GCC_WARN_ABOUT_RETURN_TYPE = YES_ERROR;
				GCC_WARN_UNDECLARED_SELECTOR = YES;
				GCC_WARN_UNINITIALIZED_AUTOS = YES_AGGRESSIVE;
				GCC_WARN_UNUSED_FUNCTION = YES;
				GCC_WARN_UNUSED_VARIABLE = YES;
				IPHONEOS_DEPLOYMENT_TARGET = 10.3;
				MTL_ENABLE_DEBUG_INFO = YES;
				ONLY_ACTIVE_ARCH = YES;
				SDKROOT = iphoneos;
				SWIFT_ACTIVE_COMPILATION_CONDITIONS = DEBUG;
				SWIFT_OPTIMIZATION_LEVEL = "-Onone";
				TARGETED_DEVICE_FAMILY = "1,2";
			};
			name = Debug;
		};
		8C5A665F1EE533B300762FD8 /* Release */ = {
			isa = XCBuildConfiguration;
			buildSettings = {
				ALWAYS_SEARCH_USER_PATHS = NO;
				CLANG_ANALYZER_NONNULL = YES;
				CLANG_ANALYZER_NUMBER_OBJECT_CONVERSION = YES_AGGRESSIVE;
				CLANG_CXX_LANGUAGE_STANDARD = "gnu++0x";
				CLANG_CXX_LIBRARY = "libc++";
				CLANG_ENABLE_MODULES = YES;
				CLANG_ENABLE_OBJC_ARC = YES;
				CLANG_WARN_BOOL_CONVERSION = YES;
				CLANG_WARN_CONSTANT_CONVERSION = YES;
				CLANG_WARN_DIRECT_OBJC_ISA_USAGE = YES_ERROR;
				CLANG_WARN_DOCUMENTATION_COMMENTS = YES;
				CLANG_WARN_EMPTY_BODY = YES;
				CLANG_WARN_ENUM_CONVERSION = YES;
				CLANG_WARN_INFINITE_RECURSION = YES;
				CLANG_WARN_INT_CONVERSION = YES;
				CLANG_WARN_OBJC_ROOT_CLASS = YES_ERROR;
				CLANG_WARN_SUSPICIOUS_MOVE = YES;
				CLANG_WARN_UNREACHABLE_CODE = YES;
				CLANG_WARN__DUPLICATE_METHOD_MATCH = YES;
				"CODE_SIGN_IDENTITY[sdk=iphoneos*]" = "iPhone Developer";
				COPY_PHASE_STRIP = NO;
				DEBUG_INFORMATION_FORMAT = "dwarf-with-dsym";
				ENABLE_NS_ASSERTIONS = NO;
				ENABLE_STRICT_OBJC_MSGSEND = YES;
				GCC_C_LANGUAGE_STANDARD = gnu99;
				GCC_NO_COMMON_BLOCKS = YES;
				GCC_WARN_64_TO_32_BIT_CONVERSION = YES;
				GCC_WARN_ABOUT_RETURN_TYPE = YES_ERROR;
				GCC_WARN_UNDECLARED_SELECTOR = YES;
				GCC_WARN_UNINITIALIZED_AUTOS = YES_AGGRESSIVE;
				GCC_WARN_UNUSED_FUNCTION = YES;
				GCC_WARN_UNUSED_VARIABLE = YES;
				IPHONEOS_DEPLOYMENT_TARGET = 10.3;
				MTL_ENABLE_DEBUG_INFO = NO;
				SDKROOT = iphoneos;
				SWIFT_OPTIMIZATION_LEVEL = "-Owholemodule";
				TARGETED_DEVICE_FAMILY = "1,2";
				VALIDATE_PRODUCT = YES;
			};
			name = Release;
		};
		8C5A66611EE533B300762FD8 /* Debug */ = {
			isa = XCBuildConfiguration;
			buildSettings = {
				ASSETCATALOG_COMPILER_APPICON_NAME = AppIcon;
				INFOPLIST_FILE = GameCollector/Info.plist;
				LD_RUNPATH_SEARCH_PATHS = "$(inherited) @executable_path/Frameworks";
				PRODUCT_BUNDLE_IDENTIFIER = hih.GameCollector;
				PRODUCT_NAME = "$(TARGET_NAME)";
				SWIFT_VERSION = 3.0;
			};
			name = Debug;
		};
		8C5A66621EE533B300762FD8 /* Release */ = {
			isa = XCBuildConfiguration;
			buildSettings = {
				ASSETCATALOG_COMPILER_APPICON_NAME = AppIcon;
				INFOPLIST_FILE = GameCollector/Info.plist;
				LD_RUNPATH_SEARCH_PATHS = "$(inherited) @executable_path/Frameworks";
				PRODUCT_BUNDLE_IDENTIFIER = hih.GameCollector;
				PRODUCT_NAME = "$(TARGET_NAME)";
				SWIFT_VERSION = 3.0;
			};
			name = Release;
		};
/* End XCBuildConfiguration section */

/* Begin XCConfigurationList section */
		8C5A66461EE533B300762FD8 /* Build configuration list for PBXProject "GameCollector" */ = {
			isa = XCConfigurationList;
			buildConfigurations = (
				8C5A665E1EE533B300762FD8 /* Debug */,
				8C5A665F1EE533B300762FD8 /* Release */,
			);
			defaultConfigurationIsVisible = 0;
			defaultConfigurationName = Release;
		};
		8C5A66601EE533B300762FD8 /* Build configuration list for PBXNativeTarget "GameCollector" */ = {
			isa = XCConfigurationList;
			buildConfigurations = (
				8C5A66611EE533B300762FD8 /* Debug */,
				8C5A66621EE533B300762FD8 /* Release */,
			);
			defaultConfigurationIsVisible = 0;
		};
/* End XCConfigurationList section */

/* Begin XCVersionGroup section */
		8C5A66551EE533B300762FD8 /* GameCollector.xcdatamodeld */ = {
			isa = XCVersionGroup;
			children = (
				8C5A66561EE533B300762FD8 /* GameCollector.xcdatamodel */,
			);
			currentVersion = 8C5A66561EE533B300762FD8 /* GameCollector.xcdatamodel */;
			path = GameCollector.xcdatamodeld;
			sourceTree = "<group>";
			versionGroupType = wrapper.xcdatamodel;
		};
/* End XCVersionGroup section */
	};
	rootObject = 8C5A66431EE533B300762FD8 /* Project object */;
}
